
Microsoft Visual Studio Solution File, Format Version 12.00
# Visual Studio 2012
Project("{8BC9CEB8-8B4A-11D0-8D11-00A0C91BC942}") = "ffmpeg-dxva2", "ffmpeg-dxva2.vcxproj", "{36563890-2E01-47E9-8D9D-1F81D32FB552}"
EndProject
Global
	GlobalSection(SolutionConfigurationPlatforms) = preSolution
		Debug|Win32 = Debug|Win32
		Release|Win32 = Release|Win32
	EndGlobalSection
	GlobalSection(ProjectConfigurationPlatforms) = postSolution
		{36563890-2E01-47E9-8D9D-1F81D32FB552}.Debug|Win32.ActiveCfg = Debug|Win32
		{36563890-2E01-47E9-8D9D-1F81D32FB552}.Debug|Win32.Build.0 = Debug|Win32
		{36563890-2E01-47E9-8D9D-1F81D32FB552}.Release|Win32.ActiveCfg = Release|Win32
		{36563890-2E01-47E9-8D9D-1F81D32FB552}.Release|Win32.Build.0 = Release|Win32
	EndGlobalSection
	GlobalSection(SolutionProperties) = preSolution
		HideSolutionNode = FALSE
	EndGlobalSection
EndGlobal
